
Microsoft Visual Studio Solution File, Format Version 12.00
# Visual Studio Version 16
VisualStudioVersion = 16.0.29403.142
MinimumVisualStudioVersion = 10.0.40219.1
Project("{FAE04EC0-301F-11D3-BF4B-00C04F79EFBC}") = "lab2BankApp", "lab2BankApp\lab2BankApp.csproj", "{268ECC71-D255-4A5C-B81C-26EB6870482A}"
EndProject
Project("{FAE04EC0-301F-11D3-BF4B-00C04F79EFBC}") = "XUnitTestProject1", "XUnitTestProject1\XUnitTestProject1.csproj", "{6467A8CE-B02C-4E3E-80E7-19A07C6EC0FD}"
EndProject
Global
	GlobalSection(SolutionConfigurationPlatforms) = preSolution
		Debug|Any CPU = Debug|Any CPU
		Release|Any CPU = Release|Any CPU
	EndGlobalSection
	GlobalSection(ProjectConfigurationPlatforms) = postSolution
		{268ECC71-D255-4A5C-B81C-26EB6870482A}.Debug|Any CPU.ActiveCfg = Debug|Any CPU
		{268ECC71-D255-4A5C-B81C-26EB6870482A}.Debug|Any CPU.Build.0 = Debug|Any CPU
		{268ECC71-D255-4A5C-B81C-26EB6870482A}.Release|Any CPU.ActiveCfg = Release|Any CPU
		{268ECC71-D255-4A5C-B81C-26EB6870482A}.Release|Any CPU.Build.0 = Release|Any CPU
		{6467A8CE-B02C-4E3E-80E7-19A07C6EC0FD}.Debug|Any CPU.ActiveCfg = Debug|Any CPU
		{6467A8CE-B02C-4E3E-80E7-19A07C6EC0FD}.Debug|Any CPU.Build.0 = Debug|Any CPU
		{6467A8CE-B02C-4E3E-80E7-19A07C6EC0FD}.Release|Any CPU.ActiveCfg = Release|Any CPU
		{6467A8CE-B02C-4E3E-80E7-19A07C6EC0FD}.Release|Any CPU.Build.0 = Release|Any CPU
	EndGlobalSection
	GlobalSection(SolutionProperties) = preSolution
		HideSolutionNode = FALSE
	EndGlobalSection
	GlobalSection(ExtensibilityGlobals) = postSolution
		SolutionGuid = {B57FCD76-DC43-4213-9499-07CDEAF463F4}
	EndGlobalSection
EndGlobal
